
Microsoft Visual Studio Solution File, Format Version 12.00
# Visual Studio 15
VisualStudioVersion = 15.0.28307.1022
MinimumVisualStudioVersion = 10.0.40219.1
Project("{FAE04EC0-301F-11D3-BF4B-00C04F79EFBC}") = "ReportsDAL", "ReportsDAL\ReportsDAL.csproj", "{FBB61EC5-8F98-444D-A66E-D772B1ACB6E2}"
EndProject
Project("{FAE04EC0-301F-11D3-BF4B-00C04F79EFBC}") = "ReportsTestDrive", "ReportsTestDrive\ReportsTestDrive.csproj", "{82133C77-2143-40CD-93C6-CD584657D506}"
EndProject
Project("{FAE04EC0-301F-11D3-BF4B-00C04F79EFBC}") = "Reports", "Reports\Reports.csproj", "{C4FBB53F-5552-448B-8E51-8465FD071A46}"
EndProject
Project("{FAE04EC0-301F-11D3-BF4B-00C04F79EFBC}") = "ReportsDAL.Models", "ReportsDAL.Models\ReportsDAL.Models.csproj", "{8DA61FB5-DEC0-4A59-AC85-FBF108995827}"
EndProject
Project("{FAE04EC0-301F-11D3-BF4B-00C04F79EFBC}") = "Reports.Utils", "Reports.Utils\Reports.Utils.csproj", "{0162B34C-8865-42F0-942B-BC9A60CE543C}"
EndProject
Global
	GlobalSection(SolutionConfigurationPlatforms) = preSolution
		Debug|Any CPU = Debug|Any CPU
		Release|Any CPU = Release|Any CPU
	EndGlobalSection
	GlobalSection(ProjectConfigurationPlatforms) = postSolution
		{FBB61EC5-8F98-444D-A66E-D772B1ACB6E2}.Debug|Any CPU.ActiveCfg = Debug|Any CPU
		{FBB61EC5-8F98-444D-A66E-D772B1ACB6E2}.Debug|Any CPU.Build.0 = Debug|Any CPU
		{FBB61EC5-8F98-444D-A66E-D772B1ACB6E2}.Release|Any CPU.ActiveCfg = Release|Any CPU
		{FBB61EC5-8F98-444D-A66E-D772B1ACB6E2}.Release|Any CPU.Build.0 = Release|Any CPU
		{82133C77-2143-40CD-93C6-CD584657D506}.Debug|Any CPU.ActiveCfg = Debug|Any CPU
		{82133C77-2143-40CD-93C6-CD584657D506}.Debug|Any CPU.Build.0 = Debug|Any CPU
		{82133C77-2143-40CD-93C6-CD584657D506}.Release|Any CPU.ActiveCfg = Release|Any CPU
		{82133C77-2143-40CD-93C6-CD584657D506}.Release|Any CPU.Build.0 = Release|Any CPU
		{C4FBB53F-5552-448B-8E51-8465FD071A46}.Debug|Any CPU.ActiveCfg = Debug|Any CPU
		{C4FBB53F-5552-448B-8E51-8465FD071A46}.Debug|Any CPU.Build.0 = Debug|Any CPU
		{C4FBB53F-5552-448B-8E51-8465FD071A46}.Release|Any CPU.ActiveCfg = Release|Any CPU
		{C4FBB53F-5552-448B-8E51-8465FD071A46}.Release|Any CPU.Build.0 = Release|Any CPU
		{8DA61FB5-DEC0-4A59-AC85-FBF108995827}.Debug|Any CPU.ActiveCfg = Debug|Any CPU
		{8DA61FB5-DEC0-4A59-AC85-FBF108995827}.Debug|Any CPU.Build.0 = Debug|Any CPU
		{8DA61FB5-DEC0-4A59-AC85-FBF108995827}.Release|Any CPU.ActiveCfg = Release|Any CPU
		{8DA61FB5-DEC0-4A59-AC85-FBF108995827}.Release|Any CPU.Build.0 = Release|Any CPU
		{0162B34C-8865-42F0-942B-BC9A60CE543C}.Debug|Any CPU.ActiveCfg = Debug|Any CPU
		{0162B34C-8865-42F0-942B-BC9A60CE543C}.Debug|Any CPU.Build.0 = Debug|Any CPU
		{0162B34C-8865-42F0-942B-BC9A60CE543C}.Release|Any CPU.ActiveCfg = Release|Any CPU
		{0162B34C-8865-42F0-942B-BC9A60CE543C}.Release|Any CPU.Build.0 = Release|Any CPU
	EndGlobalSection
	GlobalSection(SolutionProperties) = preSolution
		HideSolutionNode = FALSE
	EndGlobalSection
	GlobalSection(ExtensibilityGlobals) = postSolution
		SolutionGuid = {E0314FA2-CD1E-4B31-B066-7B597038388C}
	EndGlobalSection
EndGlobal
